// !$*UTF8*$!
{
	archiveVersion = 1;
	classes = {
	};
	objectVersion = 48;
	objects = {

/* Begin PBXBuildFile section */
		6405470C1FDDB576000247E4 /* AppDelegate.swift in Sources */ = {isa = PBXBuildFile; fileRef = 6405470B1FDDB576000247E4 /* AppDelegate.swift */; };
		640547111FDDB576000247E4 /* Main.storyboard in Resources */ = {isa = PBXBuildFile; fileRef = 6405470F1FDDB576000247E4 /* Main.storyboard */; };
		640547131FDDB576000247E4 /* Assets.xcassets in Resources */ = {isa = PBXBuildFile; fileRef = 640547121FDDB576000247E4 /* Assets.xcassets */; };
		640547161FDDB576000247E4 /* LaunchScreen.storyboard in Resources */ = {isa = PBXBuildFile; fileRef = 640547141FDDB576000247E4 /* LaunchScreen.storyboard */; };
		6405471F1FDDB733000247E4 /* MainViewController.swift in Sources */ = {isa = PBXBuildFile; fileRef = 6405471E1FDDB733000247E4 /* MainViewController.swift */; };
		640547211FDDB765000247E4 /* RollButton.swift in Sources */ = {isa = PBXBuildFile; fileRef = 640547201FDDB765000247E4 /* RollButton.swift */; };
/* End PBXBuildFile section */

/* Begin PBXFileReference section */
		640547081FDDB576000247E4 /* Dice Game.app */ = {isa = PBXFileReference; explicitFileType = wrapper.application; includeInIndex = 0; path = "Dice Game.app"; sourceTree = BUILT_PRODUCTS_DIR; };
		6405470B1FDDB576000247E4 /* AppDelegate.swift */ = {isa = PBXFileReference; lastKnownFileType = sourcecode.swift; path = AppDelegate.swift; sourceTree = "<group>"; };
		640547101FDDB576000247E4 /* Base */ = {isa = PBXFileReference; lastKnownFileType = file.storyboard; name = Base; path = Base.lproj/Main.storyboard; sourceTree = "<group>"; };
		640547121FDDB576000247E4 /* Assets.xcassets */ = {isa = PBXFileReference; lastKnownFileType = folder.assetcatalog; path = Assets.xcassets; sourceTree = "<group>"; };
		640547151FDDB576000247E4 /* Base */ = {isa = PBXFileReference; lastKnownFileType = file.storyboard; name = Base; path = Base.lproj/LaunchScreen.storyboard; sourceTree = "<group>"; };
		640547171FDDB576000247E4 /* Info.plist */ = {isa = PBXFileReference; lastKnownFileType = text.plist.xml; path = Info.plist; sourceTree = "<group>"; };
		6405471E1FDDB733000247E4 /* MainViewController.swift */ = {isa = PBXFileReference; lastKnownFileType = sourcecode.swift; path = MainViewController.swift; sourceTree = "<group>"; };
		640547201FDDB765000247E4 /* RollButton.swift */ = {isa = PBXFileReference; lastKnownFileType = sourcecode.swift; path = RollButton.swift; sourceTree = "<group>"; };
/* End PBXFileReference section */

/* Begin PBXFrameworksBuildPhase section */
		640547051FDDB576000247E4 /* Frameworks */ = {
			isa = PBXFrameworksBuildPhase;
			buildActionMask = 2147483647;
			files = (
			);
			runOnlyForDeploymentPostprocessing = 0;
		};
/* End PBXFrameworksBuildPhase section */

/* Begin PBXGroup section */
		640546FF1FDDB576000247E4 = {
			isa = PBXGroup;
			children = (
				6405470A1FDDB576000247E4 /* Dice Game */,
				640547091FDDB576000247E4 /* Products */,
				640547221FDF5CBC000247E4 /* Frameworks */,
			);
			sourceTree = "<group>";
		};
		640547091FDDB576000247E4 /* Products */ = {
			isa = PBXGroup;
			children = (
				640547081FDDB576000247E4 /* Dice Game.app */,
			);
			name = Products;
			sourceTree = "<group>";
		};
		6405470A1FDDB576000247E4 /* Dice Game */ = {
			isa = PBXGroup;
			children = (
				6405470B1FDDB576000247E4 /* AppDelegate.swift */,
				6405470F1FDDB576000247E4 /* Main.storyboard */,
				640547121FDDB576000247E4 /* Assets.xcassets */,
				640547141FDDB576000247E4 /* LaunchScreen.storyboard */,
				640547171FDDB576000247E4 /* Info.plist */,
				6405471E1FDDB733000247E4 /* MainViewController.swift */,
				640547201FDDB765000247E4 /* RollButton.swift */,
			);
			path = "Dice Game";
			sourceTree = "<group>";
		};
		640547221FDF5CBC000247E4 /* Frameworks */ = {
			isa = PBXGroup;
			children = (
			);
			name = Frameworks;
			sourceTree = "<group>";
		};
/* End PBXGroup section */

/* Begin PBXNativeTarget section */
		640547071FDDB576000247E4 /* Dice Game */ = {
			isa = PBXNativeTarget;
			buildConfigurationList = 6405471A1FDDB576000247E4 /* Build configuration list for PBXNativeTarget "Dice Game" */;
			buildPhases = (
				640547041FDDB576000247E4 /* Sources */,
				640547051FDDB576000247E4 /* Frameworks */,
				640547061FDDB576000247E4 /* Resources */,
			);
			buildRules = (
			);
			dependencies = (
			);
			name = "Dice Game";
			productName = "Dice Game";
			productReference = 640547081FDDB576000247E4 /* Dice Game.app */;
			productType = "com.apple.product-type.application";
		};
/* End PBXNativeTarget section */

/* Begin PBXProject section */
		640547001FDDB576000247E4 /* Project object */ = {
			isa = PBXProject;
			attributes = {
				LastSwiftUpdateCheck = 0910;
				LastUpgradeCheck = 0910;
				ORGANIZATIONNAME = "Greasy Hacks, LLC";
				TargetAttributes = {
					640547071FDDB576000247E4 = {
						CreatedOnToolsVersion = 9.1;
						ProvisioningStyle = Automatic;
					};
				};
			};
			buildConfigurationList = 640547031FDDB576000247E4 /* Build configuration list for PBXProject "Dice Game" */;
			compatibilityVersion = "Xcode 8.0";
			developmentRegion = en;
			hasScannedForEncodings = 0;
			knownRegions = (
				en,
				Base,
			);
			mainGroup = 640546FF1FDDB576000247E4;
			productRefGroup = 640547091FDDB576000247E4 /* Products */;
			projectDirPath = "";
			projectRoot = "";
			targets = (
				640547071FDDB576000247E4 /* Dice Game */,
			);
		};
/* End PBXProject section */

/* Begin PBXResourcesBuildPhase section */
		640547061FDDB576000247E4 /* Resources */ = {
			isa = PBXResourcesBuildPhase;
			buildActionMask = 2147483647;
			files = (
				640547161FDDB576000247E4 /* LaunchScreen.storyboard in Resources */,
				640547131FDDB576000247E4 /* Assets.xcassets in Resources */,
				640547111FDDB576000247E4 /* Main.storyboard in Resources */,
			);
			runOnlyForDeploymentPostprocessing = 0;
		};
/* End PBXResourcesBuildPhase section */

/* Begin PBXSourcesBuildPhase section */
		640547041FDDB576000247E4 /* Sources */ = {
			isa = PBXSourcesBuildPhase;
			buildActionMask = 2147483647;
			files = (
				6405470C1FDDB576000247E4 /* AppDelegate.swift in Sources */,
				6405471F1FDDB733000247E4 /* MainViewController.swift in Sources */,
				640547211FDDB765000247E4 /* RollButton.swift in Sources */,
			);
			runOnlyForDeploymentPostprocessing = 0;
		};
/* End PBXSourcesBuildPhase section */

/* Begin PBXVariantGroup section */
		6405470F1FDDB576000247E4 /* Main.storyboard */ = {
			isa = PBXVariantGroup;
			children = (
				640547101FDDB576000247E4 /* Base */,
			);
			name = Main.storyboard;
			sourceTree = "<group>";
		};
		640547141FDDB576000247E4 /* LaunchScreen.storyboard */ = {
			isa = PBXVariantGroup;
			children = (
				640547151FDDB576000247E4 /* Base */,
			);
			name = LaunchScreen.storyboard;
			sourceTree = "<group>";
		};
/* End PBXVariantGroup section */

/* Begin XCBuildConfiguration section */
		640547181FDDB576000247E4 /* Debug */ = {
			isa = XCBuildConfiguration;
			buildSettings = {
				ALWAYS_SEARCH_USER_PATHS = NO;
				CLANG_ANALYZER_NONNULL = YES;
				CLANG_ANALYZER_NUMBER_OBJECT_CONVERSION = YES_AGGRESSIVE;
				CLANG_CXX_LANGUAGE_STANDARD = "gnu++14";
				CLANG_CXX_LIBRARY = "libc++";
				CLANG_ENABLE_MODULES = YES;
				CLANG_ENABLE_OBJC_ARC = YES;
				CLANG_WARN_BLOCK_CAPTURE_AUTORELEASING = YES;
				CLANG_WARN_BOOL_CONVERSION = YES;
				CLANG_WARN_COMMA = YES;
				CLANG_WARN_CONSTANT_CONVERSION = YES;
				CLANG_WARN_DIRECT_OBJC_ISA_USAGE = YES_ERROR;
				CLANG_WARN_DOCUMENTATION_COMMENTS = YES;
				CLANG_WARN_EMPTY_BODY = YES;
				CLANG_WARN_ENUM_CONVERSION = YES;
				CLANG_WARN_INFINITE_RECURSION = YES;
				CLANG_WARN_INT_CONVERSION = YES;
				CLANG_WARN_NON_LITERAL_NULL_CONVERSION = YES;
				CLANG_WARN_OBJC_LITERAL_CONVERSION = YES;
				CLANG_WARN_OBJC_ROOT_CLASS = YES_ERROR;
				CLANG_WARN_RANGE_LOOP_ANALYSIS = YES;
				CLANG_WARN_STRICT_PROTOTYPES = YES;
				CLANG_WARN_SUSPICIOUS_MOVE = YES;
				CLANG_WARN_UNGUARDED_AVAILABILITY = YES_AGGRESSIVE;
				CLANG_WARN_UNREACHABLE_CODE = YES;
				CLANG_WARN__DUPLICATE_METHOD_MATCH = YES;
				CODE_SIGN_IDENTITY = "iPhone Developer";
				COPY_PHASE_STRIP = NO;
				DEBUG_INFORMATION_FORMAT = dwarf;
				ENABLE_STRICT_OBJC_MSGSEND = YES;
				ENABLE_TESTABILITY = YES;
				GCC_C_LANGUAGE_STANDARD = gnu11;
				GCC_DYNAMIC_NO_PIC = NO;
				GCC_NO_COMMON_BLOCKS = YES;
				GCC_OPTIMIZATION_LEVEL = 0;
				GCC_PREPROCESSOR_DEFINITIONS = (
					"DEBUG=1",
					"$(inherited)",
				);
				GCC_WARN_64_TO_32_BIT_CONVERSION = YES;
				GCC_WARN_ABOUT_RETURN_TYPE = YES_ERROR;
				GCC_WARN_UNDECLARED_SELECTOR = YES;
				GCC_WARN_UNINITIALIZED_AUTOS = YES_AGGRESSIVE;
				GCC_WARN_UNUSED_FUNCTION = YES;
				GCC_WARN_UNUSED_VARIABLE = YES;
				IPHONEOS_DEPLOYMENT_TARGET = 11.1;
				MTL_ENABLE_DEBUG_INFO = YES;
				ONLY_ACTIVE_ARCH = YES;
				SDKROOT = iphoneos;
				SWIFT_ACTIVE_COMPILATION_CONDITIONS = DEBUG;
				SWIFT_OPTIMIZATION_LEVEL = "-Onone";
			};
			name = Debug;
		};
		640547191FDDB576000247E4 /* Release */ = {
			isa = XCBuildConfiguration;
			buildSettings = {
				ALWAYS_SEARCH_USER_PATHS = NO;
				CLANG_ANALYZER_NONNULL = YES;
				CLANG_ANALYZER_NUMBER_OBJECT_CONVERSION = YES_AGGRESSIVE;
				CLANG_CXX_LANGUAGE_STANDARD = "gnu++14";
				CLANG_CXX_LIBRARY = "libc++";
				CLANG_ENABLE_MODULES = YES;
				CLANG_ENABLE_OBJC_ARC = YES;
				CLANG_WARN_BLOCK_CAPTURE_AUTORELEASING = YES;
				CLANG_WARN_BOOL_CONVERSION = YES;
				CLANG_WARN_COMMA = YES;
				CLANG_WARN_CONSTANT_CONVERSION = YES;
				CLANG_WARN_DIRECT_OBJC_ISA_USAGE = YES_ERROR;
				CLANG_WARN_DOCUMENTATION_COMMENTS = YES;
				CLANG_WARN_EMPTY_BODY = YES;
				CLANG_WARN_ENUM_CONVERSION = YES;
				CLANG_WARN_INFINITE_RECURSION = YES;
				CLANG_WARN_INT_CONVERSION = YES;
				CLANG_WARN_NON_LITERAL_NULL_CONVERSION = YES;
				CLANG_WARN_OBJC_LITERAL_CONVERSION = YES;
				CLANG_WARN_OBJC_ROOT_CLASS = YES_ERROR;
				CLANG_WARN_RANGE_LOOP_ANALYSIS = YES;
				CLANG_WARN_STRICT_PROTOTYPES = YES;
				CLANG_WARN_SUSPICIOUS_MOVE = YES;
				CLANG_WARN_UNGUARDED_AVAILABILITY = YES_AGGRESSIVE;
				CLANG_WARN_UNREACHABLE_CODE = YES;
				CLANG_WARN__DUPLICATE_METHOD_MATCH = YES;
				CODE_SIGN_IDENTITY = "iPhone Developer";
				COPY_PHASE_STRIP = NO;
				DEBUG_INFORMATION_FORMAT = "dwarf-with-dsym";
				ENABLE_NS_ASSERTIONS = NO;
				ENABLE_STRICT_OBJC_MSGSEND = YES;
				GCC_C_LANGUAGE_STANDARD = gnu11;
				GCC_NO_COMMON_BLOCKS = YES;
				GCC_WARN_64_TO_32_BIT_CONVERSION = YES;
				GCC_WARN_ABOUT_RETURN_TYPE = YES_ERROR;
				GCC_WARN_UNDECLARED_SELECTOR = YES;
				GCC_WARN_UNINITIALIZED_AUTOS = YES_AGGRESSIVE;
				GCC_WARN_UNUSED_FUNCTION = YES;
				GCC_WARN_UNUSED_VARIABLE = YES;
				IPHONEOS_DEPLOYMENT_TARGET = 11.1;
				MTL_ENABLE_DEBUG_INFO = NO;
				SDKROOT = iphoneos;
				SWIFT_OPTIMIZATION_LEVEL = "-Owholemodule";
				VALIDATE_PRODUCT = YES;
			};
			name = Release;
		};
		6405471B1FDDB576000247E4 /* Debug */ = {
			isa = XCBuildConfiguration;
			buildSettings = {
				ASSETCATALOG_COMPILER_APPICON_NAME = AppIcon;
				CODE_SIGN_STYLE = Automatic;
				DEVELOPMENT_TEAM = URADB33PMV;
				INFOPLIST_FILE = "Dice Game/Info.plist";
				IPHONEOS_DEPLOYMENT_TARGET = 11.0;
				LD_RUNPATH_SEARCH_PATHS = "$(inherited) @executable_path/Frameworks";
				PRODUCT_BUNDLE_IDENTIFIER = com.greasyhacks.dicee;
				PRODUCT_NAME = "$(TARGET_NAME)";
				SWIFT_VERSION = 4.0;
				TARGETED_DEVICE_FAMILY = 1;
			};
			name = Debug;
		};
		6405471C1FDDB576000247E4 /* Release */ = {
			isa = XCBuildConfiguration;
			buildSettings = {
				ASSETCATALOG_COMPILER_APPICON_NAME = AppIcon;
				CODE_SIGN_STYLE = Automatic;
				DEVELOPMENT_TEAM = URADB33PMV;
				INFOPLIST_FILE = "Dice Game/Info.plist";
				IPHONEOS_DEPLOYMENT_TARGET = 11.0;
				LD_RUNPATH_SEARCH_PATHS = "$(inherited) @executable_path/Frameworks";
				PRODUCT_BUNDLE_IDENTIFIER = com.greasyhacks.dicee;
				PRODUCT_NAME = "$(TARGET_NAME)";
				SWIFT_VERSION = 4.0;
				TARGETED_DEVICE_FAMILY = 1;
			};
			name = Release;
		};
/* End XCBuildConfiguration section */

/* Begin XCConfigurationList section */
		640547031FDDB576000247E4 /* Build configuration list for PBXProject "Dice Game" */ = {
			isa = XCConfigurationList;
			buildConfigurations = (
				640547181FDDB576000247E4 /* Debug */,
				640547191FDDB576000247E4 /* Release */,
			);
			defaultConfigurationIsVisible = 0;
			defaultConfigurationName = Release;
		};
		6405471A1FDDB576000247E4 /* Build configuration list for PBXNativeTarget "Dice Game" */ = {
			isa = XCConfigurationList;
			buildConfigurations = (
				6405471B1FDDB576000247E4 /* Debug */,
				6405471C1FDDB576000247E4 /* Release */,
			);
			defaultConfigurationIsVisible = 0;
			defaultConfigurationName = Release;
		};
/* End XCConfigurationList section */
	};
	rootObject = 640547001FDDB576000247E4 /* Project object */;
}
